
Microsoft Visual Studio Solution File, Format Version 12.00
# Visual Studio Version 17
VisualStudioVersion = 17.14.36915.13 d17.14
MinimumVisualStudioVersion = 10.0.40219.1
Project("{FAE04EC0-301F-11D3-BF4B-00C04F79EFBC}") = "SpaceAgencyApp", "SpaceAgencyApp\SpaceAgencyApp.csproj", "{FF723BDC-5D9A-4712-B852-9C7095E771D9}"
EndProject
Global
	GlobalSection(SolutionConfigurationPlatforms) = preSolution
		Debug|Any CPU = Debug|Any CPU
		Release|Any CPU = Release|Any CPU
	EndGlobalSection
	GlobalSection(ProjectConfigurationPlatforms) = postSolution
		{FF723BDC-5D9A-4712-B852-9C7095E771D9}.Debug|Any CPU.ActiveCfg = Debug|Any CPU
		{FF723BDC-5D9A-4712-B852-9C7095E771D9}.Debug|Any CPU.Build.0 = Debug|Any CPU
		{FF723BDC-5D9A-4712-B852-9C7095E771D9}.Release|Any CPU.ActiveCfg = Release|Any CPU
		{FF723BDC-5D9A-4712-B852-9C7095E771D9}.Release|Any CPU.Build.0 = Release|Any CPU
	EndGlobalSection
	GlobalSection(SolutionProperties) = preSolution
		HideSolutionNode = FALSE
	EndGlobalSection
	GlobalSection(ExtensibilityGlobals) = postSolution
		SolutionGuid = {426A24ED-030D-4202-B00E-C6F431DC816B}
	EndGlobalSection
EndGlobal
